
Microsoft Visual Studio Solution File, Format Version 12.00
# Visual Studio Version 16
VisualStudioVersion = 16.0.30011.22
MinimumVisualStudioVersion = 10.0.40219.1
Project("{FAE04EC0-301F-11D3-BF4B-00C04F79EFBC}") = "labo4Pinto", "labo4Pinto.csproj", "{30E95DAA-DDDE-4941-8612-942F6154568B}"
EndProject
Global
	GlobalSection(SolutionConfigurationPlatforms) = preSolution
		Debug|Any CPU = Debug|Any CPU
		Release|Any CPU = Release|Any CPU
	EndGlobalSection
	GlobalSection(ProjectConfigurationPlatforms) = postSolution
		{30E95DAA-DDDE-4941-8612-942F6154568B}.Debug|Any CPU.ActiveCfg = Debug|Any CPU
		{30E95DAA-DDDE-4941-8612-942F6154568B}.Debug|Any CPU.Build.0 = Debug|Any CPU
		{30E95DAA-DDDE-4941-8612-942F6154568B}.Release|Any CPU.ActiveCfg = Release|Any CPU
		{30E95DAA-DDDE-4941-8612-942F6154568B}.Release|Any CPU.Build.0 = Release|Any CPU
	EndGlobalSection
	GlobalSection(SolutionProperties) = preSolution
		HideSolutionNode = FALSE
	EndGlobalSection
	GlobalSection(ExtensibilityGlobals) = postSolution
		SolutionGuid = {5D2FEFF6-4CFF-4C7E-B35B-2A3DD55E4D02}
	EndGlobalSection
EndGlobal
